{
    "version": 3,
    "terraform_version": "0.11.7",
    "serial": 4,
    "lineage": "9d64b752-1d13-b48f-c768-2bf3d99b30cd",
    "modules": [
        {
            "path": [
                "root"
            ],
            "outputs": {},
            "resources": {
                "aws_default_route_table.private": {
                    "type": "aws_default_route_table",
                    "depends_on": [
                        "aws_vpc.vpc"
                    ],
                    "primary": {
                        "id": "rtb-03a5083b7bc4a8656",
                        "attributes": {
                            "default_route_table_id": "rtb-03a5083b7bc4a8656",
                            "id": "rtb-03a5083b7bc4a8656",
                            "propagating_vgws.#": "0",
                            "route.#": "0",
                            "tags.%": "1",
                            "tags.Name": "private",
                            "vpc_id": "vpc-0f23bcf7d4265d87e"
                        },
                        "meta": {},
                        "tainted": false
                    },
                    "deposed": [],
                    "provider": "provider.aws"
                },
                "aws_internet_gateway.internet_gateway": {
                    "type": "aws_internet_gateway",
                    "depends_on": [
                        "aws_vpc.vpc"
                    ],
                    "primary": {
                        "id": "igw-06f824fda9039ed89",
                        "attributes": {
                            "id": "igw-06f824fda9039ed89",
                            "tags.%": "0",
                            "vpc_id": "vpc-0f23bcf7d4265d87e"
                        },
                        "meta": {},
                        "tainted": false
                    },
                    "deposed": [],
                    "provider": "provider.aws"
                },
                "aws_route_table.public": {
                    "type": "aws_route_table",
                    "depends_on": [
                        "aws_internet_gateway.internet_gateway",
                        "aws_vpc.vpc"
                    ],
                    "primary": {
                        "id": "rtb-0a5b5156b13f623ed",
                        "attributes": {
                            "id": "rtb-0a5b5156b13f623ed",
                            "propagating_vgws.#": "0",
                            "route.#": "1",
                            "route.4089055786.cidr_block": "0.0.0.0/0",
                            "route.4089055786.egress_only_gateway_id": "",
                            "route.4089055786.gateway_id": "igw-06f824fda9039ed89",
                            "route.4089055786.instance_id": "",
                            "route.4089055786.ipv6_cidr_block": "",
                            "route.4089055786.nat_gateway_id": "",
                            "route.4089055786.network_interface_id": "",
                            "route.4089055786.vpc_peering_connection_id": "",
                            "tags.%": "1",
                            "tags.Name": "public",
                            "vpc_id": "vpc-0f23bcf7d4265d87e"
                        },
                        "meta": {},
                        "tainted": false
                    },
                    "deposed": [],
                    "provider": "provider.aws"
                },
                "aws_subnet.private1": {
                    "type": "aws_subnet",
                    "depends_on": [
                        "aws_vpc.vpc",
                        "data.aws_availability_zones.available"
                    ],
                    "primary": {
                        "id": "subnet-0b3c976553d6eba9f",
                        "attributes": {
                            "assign_ipv6_address_on_creation": "false",
                            "availability_zone": "eu-west-2b",
                            "cidr_block": "10.1.2.0/24",
                            "id": "subnet-0b3c976553d6eba9f",
                            "map_public_ip_on_launch": "false",
                            "tags.%": "1",
                            "tags.Name": "private1",
                            "vpc_id": "vpc-0f23bcf7d4265d87e"
                        },
                        "meta": {
                            "schema_version": "1"
                        },
                        "tainted": false
                    },
                    "deposed": [],
                    "provider": "provider.aws"
                },
                "aws_subnet.private2": {
                    "type": "aws_subnet",
                    "depends_on": [
                        "aws_vpc.vpc",
                        "data.aws_availability_zones.available"
                    ],
                    "primary": {
                        "id": "subnet-067e51d8a8f404523",
                        "attributes": {
                            "assign_ipv6_address_on_creation": "false",
                            "availability_zone": "eu-west-2a",
                            "cidr_block": "10.1.3.0/24",
                            "id": "subnet-067e51d8a8f404523",
                            "map_public_ip_on_launch": "false",
                            "tags.%": "1",
                            "tags.Name": "private2",
                            "vpc_id": "vpc-0f23bcf7d4265d87e"
                        },
                        "meta": {
                            "schema_version": "1"
                        },
                        "tainted": false
                    },
                    "deposed": [],
                    "provider": "provider.aws"
                },
                "aws_subnet.public": {
                    "type": "aws_subnet",
                    "depends_on": [
                        "aws_vpc.vpc",
                        "data.aws_availability_zones.available"
                    ],
                    "primary": {
                        "id": "subnet-09c4c96c3b94c1c86",
                        "attributes": {
                            "assign_ipv6_address_on_creation": "false",
                            "availability_zone": "eu-west-2a",
                            "cidr_block": "10.1.1.0/24",
                            "id": "subnet-09c4c96c3b94c1c86",
                            "map_public_ip_on_launch": "true",
                            "tags.%": "1",
                            "tags.Name": "public",
                            "vpc_id": "vpc-0f23bcf7d4265d87e"
                        },
                        "meta": {
                            "schema_version": "1"
                        },
                        "tainted": false
                    },
                    "deposed": [],
                    "provider": "provider.aws"
                },
                "aws_vpc.vpc": {
                    "type": "aws_vpc",
                    "depends_on": [],
                    "primary": {
                        "id": "vpc-0f23bcf7d4265d87e",
                        "attributes": {
                            "arn": "arn:aws:ec2:eu-west-2:527027526647:vpc/vpc-0f23bcf7d4265d87e",
                            "assign_generated_ipv6_cidr_block": "false",
                            "cidr_block": "10.1.0.0/16",
                            "default_network_acl_id": "acl-07c6835882c53fa58",
                            "default_route_table_id": "rtb-03a5083b7bc4a8656",
                            "default_security_group_id": "sg-0a66a9fcf241baa5e",
                            "dhcp_options_id": "dopt-71fb9819",
                            "enable_dns_hostnames": "false",
                            "enable_dns_support": "true",
                            "id": "vpc-0f23bcf7d4265d87e",
                            "instance_tenancy": "default",
                            "main_route_table_id": "rtb-03a5083b7bc4a8656",
                            "tags.%": "1",
                            "tags.Name": "Principal"
                        },
                        "meta": {
                            "schema_version": "1"
                        },
                        "tainted": false
                    },
                    "deposed": [],
                    "provider": "provider.aws"
                },
                "data.aws_availability_zones.available": {
                    "type": "aws_availability_zones",
                    "depends_on": [],
                    "primary": {
                        "id": "2018-08-09 21:02:12.08768604 +0000 UTC",
                        "attributes": {
                            "id": "2018-08-09 21:02:12.08768604 +0000 UTC",
                            "names.#": "3",
                            "names.0": "eu-west-2a",
                            "names.1": "eu-west-2b",
                            "names.2": "eu-west-2c"
                        },
                        "meta": {},
                        "tainted": false
                    },
                    "deposed": [],
                    "provider": "provider.aws"
                }
            },
            "depends_on": []
        }
    ]
}
