{
    "version": 3,
    "terraform_version": "0.11.7",
    "serial": 7,
    "lineage": "592f108d-9d70-b6c7-6157-8f603de5fc02",
    "modules": [
        {
            "path": [
                "root"
            ],
            "outputs": {},
            "resources": {
                "aws_default_route_table.private": {
                    "type": "aws_default_route_table",
                    "depends_on": [
                        "aws_vpc.vpc"
                    ],
                    "primary": {
                        "id": "rtb-012a8cdc7acbd7cae",
                        "attributes": {
                            "default_route_table_id": "rtb-012a8cdc7acbd7cae",
                            "id": "rtb-012a8cdc7acbd7cae",
                            "propagating_vgws.#": "0",
                            "route.#": "0",
                            "tags.%": "1",
                            "tags.Name": "private",
                            "vpc_id": "vpc-0266c42b75d56d023"
                        },
                        "meta": {},
                        "tainted": false
                    },
                    "deposed": [],
                    "provider": "provider.aws"
                },
                "aws_instance.dev": {
                    "type": "aws_instance",
                    "depends_on": [
                        "aws_key_pair.auth",
                        "aws_security_group.public",
                        "aws_subnet.public"
                    ],
                    "primary": {
                        "id": "i-0383834b16389bef8",
                        "attributes": {
                            "ami": "ami-00ee3b59e07408c27",
                            "arn": "arn:aws:ec2:eu-west-2:527027526647:instance/i-0383834b16389bef8",
                            "associate_public_ip_address": "true",
                            "availability_zone": "eu-west-2a",
                            "cpu_core_count": "1",
                            "cpu_threads_per_core": "1",
                            "credit_specification.#": "1",
                            "credit_specification.0.cpu_credits": "standard",
                            "disable_api_termination": "false",
                            "ebs_block_device.#": "0",
                            "ebs_optimized": "false",
                            "ephemeral_block_device.#": "0",
                            "get_password_data": "false",
                            "iam_instance_profile": "",
                            "id": "i-0383834b16389bef8",
                            "instance_state": "running",
                            "instance_type": "t2.micro",
                            "ipv6_addresses.#": "0",
                            "key_name": "id_rsa",
                            "monitoring": "false",
                            "network_interface.#": "0",
                            "network_interface_id": "eni-03e9628c8563dedf0",
                            "password_data": "",
                            "placement_group": "",
                            "primary_network_interface_id": "eni-03e9628c8563dedf0",
                            "private_dns": "ip-10-1-1-123.eu-west-2.compute.internal",
                            "private_ip": "10.1.1.123",
                            "public_dns": "",
                            "public_ip": "35.178.239.53",
                            "root_block_device.#": "1",
                            "root_block_device.0.delete_on_termination": "true",
                            "root_block_device.0.iops": "100",
                            "root_block_device.0.volume_id": "vol-0d5f3613d3aebff5e",
                            "root_block_device.0.volume_size": "8",
                            "root_block_device.0.volume_type": "gp2",
                            "security_groups.#": "0",
                            "source_dest_check": "true",
                            "subnet_id": "subnet-03d764b98ed5c6ca7",
                            "tags.%": "1",
                            "tags.Name": "web-wordpress",
                            "tenancy": "default",
                            "volume_tags.%": "0",
                            "vpc_security_group_ids.#": "1",
                            "vpc_security_group_ids.1344910578": "sg-08d0dffb9c27e7f4e"
                        },
                        "meta": {
                            "e2bfb730-ecaa-11e6-8f88-34363bc7c4c0": {
                                "create": 600000000000,
                                "delete": 1200000000000,
                                "update": 600000000000
                            },
                            "schema_version": "1"
                        },
                        "tainted": false
                    },
                    "deposed": [],
                    "provider": "provider.aws"
                },
                "aws_internet_gateway.internet_gateway": {
                    "type": "aws_internet_gateway",
                    "depends_on": [
                        "aws_vpc.vpc"
                    ],
                    "primary": {
                        "id": "igw-0f54eda7e1bc9aeb5",
                        "attributes": {
                            "id": "igw-0f54eda7e1bc9aeb5",
                            "vpc_id": "vpc-0266c42b75d56d023"
                        },
                        "meta": {},
                        "tainted": false
                    },
                    "deposed": [],
                    "provider": "provider.aws"
                },
                "aws_key_pair.auth": {
                    "type": "aws_key_pair",
                    "depends_on": [],
                    "primary": {
                        "id": "id_rsa",
                        "attributes": {
                            "id": "id_rsa",
                            "key_name": "id_rsa",
                            "public_key": "ssh-rsa AAAAB3NzaC1yc2EAAAADAQABAAABAQDacrD1ikoodKuxntMn8UywCMy9H6FV8doiqH6lzdUBKxcccVfBJUAr8va7a+OAwideeGfJl8jOLUyMfG3fLdzrYT41/b3amcs7IJ6jmnsU70FueosyhdQnQ+PXES63QCVxGKMW6cYl8VQEuD+w2YyW6Zhejsad/nkWm/9mOjCUMrRJNqa2jkHIfPzzBjotJ5KrNi5FFruZIwn2rQZiKBWAJSoqK/qWlLJFhCBrwgTt+PyMb/pjj40f4SI2nAY3qR12+VpONE4p8esyB686XX0YGIEC0yjBKT9vedIWrizGx7pahWcig4VimOL2vTqEjhdvQUyQ31lrOpEa3mnk2Lad ubuntu@ubuntu16-01"
                        },
                        "meta": {
                            "schema_version": "1"
                        },
                        "tainted": false
                    },
                    "deposed": [],
                    "provider": "provider.aws"
                },
                "aws_route_table.public": {
                    "type": "aws_route_table",
                    "depends_on": [
                        "aws_internet_gateway.internet_gateway",
                        "aws_vpc.vpc"
                    ],
                    "primary": {
                        "id": "rtb-0639610778a139a38",
                        "attributes": {
                            "id": "rtb-0639610778a139a38",
                            "propagating_vgws.#": "0",
                            "route.#": "1",
                            "route.925458773.cidr_block": "0.0.0.0/0",
                            "route.925458773.egress_only_gateway_id": "",
                            "route.925458773.gateway_id": "igw-0f54eda7e1bc9aeb5",
                            "route.925458773.instance_id": "",
                            "route.925458773.ipv6_cidr_block": "",
                            "route.925458773.nat_gateway_id": "",
                            "route.925458773.network_interface_id": "",
                            "route.925458773.vpc_peering_connection_id": "",
                            "tags.%": "1",
                            "tags.Name": "public",
                            "vpc_id": "vpc-0266c42b75d56d023"
                        },
                        "meta": {},
                        "tainted": false
                    },
                    "deposed": [],
                    "provider": "provider.aws"
                },
                "aws_route_table_association.private_assoc": {
                    "type": "aws_route_table_association",
                    "depends_on": [
                        "aws_route_table.public",
                        "aws_subnet.private"
                    ],
                    "primary": {
                        "id": "rtbassoc-0dfebf156da8cc6ef",
                        "attributes": {
                            "id": "rtbassoc-0dfebf156da8cc6ef",
                            "route_table_id": "rtb-0639610778a139a38",
                            "subnet_id": "subnet-0844f132897d8ccdc"
                        },
                        "meta": {},
                        "tainted": false
                    },
                    "deposed": [],
                    "provider": "provider.aws"
                },
                "aws_route_table_association.public_assoc": {
                    "type": "aws_route_table_association",
                    "depends_on": [
                        "aws_route_table.public",
                        "aws_subnet.public"
                    ],
                    "primary": {
                        "id": "rtbassoc-098789ccb4cf47818",
                        "attributes": {
                            "id": "rtbassoc-098789ccb4cf47818",
                            "route_table_id": "rtb-0639610778a139a38",
                            "subnet_id": "subnet-03d764b98ed5c6ca7"
                        },
                        "meta": {},
                        "tainted": false
                    },
                    "deposed": [],
                    "provider": "provider.aws"
                },
                "aws_security_group.private": {
                    "type": "aws_security_group",
                    "depends_on": [
                        "aws_vpc.vpc"
                    ],
                    "primary": {
                        "id": "sg-03c79fee1422f4c53",
                        "attributes": {
                            "arn": "arn:aws:ec2:eu-west-2:527027526647:security-group/sg-03c79fee1422f4c53",
                            "description": "Used for private instances",
                            "egress.#": "1",
                            "egress.482069346.cidr_blocks.#": "1",
                            "egress.482069346.cidr_blocks.0": "0.0.0.0/0",
                            "egress.482069346.description": "",
                            "egress.482069346.from_port": "0",
                            "egress.482069346.ipv6_cidr_blocks.#": "0",
                            "egress.482069346.prefix_list_ids.#": "0",
                            "egress.482069346.protocol": "-1",
                            "egress.482069346.security_groups.#": "0",
                            "egress.482069346.self": "false",
                            "egress.482069346.to_port": "0",
                            "id": "sg-03c79fee1422f4c53",
                            "ingress.#": "1",
                            "ingress.1671886063.cidr_blocks.#": "1",
                            "ingress.1671886063.cidr_blocks.0": "10.1.0.0/16",
                            "ingress.1671886063.description": "",
                            "ingress.1671886063.from_port": "0",
                            "ingress.1671886063.ipv6_cidr_blocks.#": "0",
                            "ingress.1671886063.protocol": "-1",
                            "ingress.1671886063.security_groups.#": "0",
                            "ingress.1671886063.self": "false",
                            "ingress.1671886063.to_port": "0",
                            "name": "sg_private",
                            "owner_id": "527027526647",
                            "revoke_rules_on_delete": "false",
                            "tags.%": "0",
                            "vpc_id": "vpc-0266c42b75d56d023"
                        },
                        "meta": {
                            "e2bfb730-ecaa-11e6-8f88-34363bc7c4c0": {
                                "create": 600000000000,
                                "delete": 600000000000
                            },
                            "schema_version": "1"
                        },
                        "tainted": false
                    },
                    "deposed": [],
                    "provider": "provider.aws"
                },
                "aws_security_group.public": {
                    "type": "aws_security_group",
                    "depends_on": [
                        "aws_vpc.vpc"
                    ],
                    "primary": {
                        "id": "sg-08d0dffb9c27e7f4e",
                        "attributes": {
                            "arn": "arn:aws:ec2:eu-west-2:527027526647:security-group/sg-08d0dffb9c27e7f4e",
                            "description": "Used for public and private instances for load balancer access",
                            "egress.#": "1",
                            "egress.482069346.cidr_blocks.#": "1",
                            "egress.482069346.cidr_blocks.0": "0.0.0.0/0",
                            "egress.482069346.description": "",
                            "egress.482069346.from_port": "0",
                            "egress.482069346.ipv6_cidr_blocks.#": "0",
                            "egress.482069346.prefix_list_ids.#": "0",
                            "egress.482069346.protocol": "-1",
                            "egress.482069346.security_groups.#": "0",
                            "egress.482069346.self": "false",
                            "egress.482069346.to_port": "0",
                            "id": "sg-08d0dffb9c27e7f4e",
                            "ingress.#": "2",
                            "ingress.2214680975.cidr_blocks.#": "1",
                            "ingress.2214680975.cidr_blocks.0": "0.0.0.0/0",
                            "ingress.2214680975.description": "",
                            "ingress.2214680975.from_port": "80",
                            "ingress.2214680975.ipv6_cidr_blocks.#": "0",
                            "ingress.2214680975.protocol": "tcp",
                            "ingress.2214680975.security_groups.#": "0",
                            "ingress.2214680975.self": "false",
                            "ingress.2214680975.to_port": "80",
                            "ingress.2541437006.cidr_blocks.#": "1",
                            "ingress.2541437006.cidr_blocks.0": "0.0.0.0/0",
                            "ingress.2541437006.description": "",
                            "ingress.2541437006.from_port": "22",
                            "ingress.2541437006.ipv6_cidr_blocks.#": "0",
                            "ingress.2541437006.protocol": "tcp",
                            "ingress.2541437006.security_groups.#": "0",
                            "ingress.2541437006.self": "false",
                            "ingress.2541437006.to_port": "22",
                            "name": "sg_public",
                            "owner_id": "527027526647",
                            "revoke_rules_on_delete": "false",
                            "tags.%": "0",
                            "vpc_id": "vpc-0266c42b75d56d023"
                        },
                        "meta": {
                            "e2bfb730-ecaa-11e6-8f88-34363bc7c4c0": {
                                "create": 600000000000,
                                "delete": 600000000000
                            },
                            "schema_version": "1"
                        },
                        "tainted": false
                    },
                    "deposed": [],
                    "provider": "provider.aws"
                },
                "aws_subnet.private": {
                    "type": "aws_subnet",
                    "depends_on": [
                        "aws_vpc.vpc"
                    ],
                    "primary": {
                        "id": "subnet-0844f132897d8ccdc",
                        "attributes": {
                            "assign_ipv6_address_on_creation": "false",
                            "availability_zone": "eu-west-2a",
                            "cidr_block": "10.1.2.0/24",
                            "id": "subnet-0844f132897d8ccdc",
                            "map_public_ip_on_launch": "false",
                            "tags.%": "1",
                            "tags.Name": "private",
                            "vpc_id": "vpc-0266c42b75d56d023"
                        },
                        "meta": {
                            "schema_version": "1"
                        },
                        "tainted": false
                    },
                    "deposed": [],
                    "provider": "provider.aws"
                },
                "aws_subnet.public": {
                    "type": "aws_subnet",
                    "depends_on": [
                        "aws_vpc.vpc"
                    ],
                    "primary": {
                        "id": "subnet-03d764b98ed5c6ca7",
                        "attributes": {
                            "assign_ipv6_address_on_creation": "false",
                            "availability_zone": "eu-west-2a",
                            "cidr_block": "10.1.1.0/24",
                            "id": "subnet-03d764b98ed5c6ca7",
                            "map_public_ip_on_launch": "true",
                            "tags.%": "1",
                            "tags.Name": "public",
                            "vpc_id": "vpc-0266c42b75d56d023"
                        },
                        "meta": {
                            "schema_version": "1"
                        },
                        "tainted": false
                    },
                    "deposed": [],
                    "provider": "provider.aws"
                },
                "aws_vpc.vpc": {
                    "type": "aws_vpc",
                    "depends_on": [],
                    "primary": {
                        "id": "vpc-0266c42b75d56d023",
                        "attributes": {
                            "arn": "arn:aws:ec2:eu-west-2:527027526647:vpc/vpc-0266c42b75d56d023",
                            "assign_generated_ipv6_cidr_block": "false",
                            "cidr_block": "10.1.0.0/16",
                            "default_network_acl_id": "acl-0fd01214227cd2c08",
                            "default_route_table_id": "rtb-012a8cdc7acbd7cae",
                            "default_security_group_id": "sg-00741909e7000b541",
                            "dhcp_options_id": "dopt-71fb9819",
                            "enable_dns_hostnames": "false",
                            "enable_dns_support": "true",
                            "id": "vpc-0266c42b75d56d023",
                            "instance_tenancy": "default",
                            "main_route_table_id": "rtb-012a8cdc7acbd7cae",
                            "tags.%": "1",
                            "tags.Name": "Principal"
                        },
                        "meta": {
                            "schema_version": "1"
                        },
                        "tainted": false
                    },
                    "deposed": [],
                    "provider": "provider.aws"
                }
            },
            "depends_on": []
        }
    ]
}
